
Microsoft Visual Studio Solution File, Format Version 12.00
# Visual Studio Version 16
VisualStudioVersion = 16.0.30523.141
MinimumVisualStudioVersion = 10.0.40219.1
Project("{FAE04EC0-301F-11D3-BF4B-00C04F79EFBC}") = "説明_012", "説明_012\説明_012.csproj", "{A30A5B83-0116-42BA-8FFC-6EB9C67B4525}"
EndProject
Global
	GlobalSection(SolutionConfigurationPlatforms) = preSolution
		Debug|Any CPU = Debug|Any CPU
		Release|Any CPU = Release|Any CPU
	EndGlobalSection
	GlobalSection(ProjectConfigurationPlatforms) = postSolution
		{A30A5B83-0116-42BA-8FFC-6EB9C67B4525}.Debug|Any CPU.ActiveCfg = Debug|Any CPU
		{A30A5B83-0116-42BA-8FFC-6EB9C67B4525}.Debug|Any CPU.Build.0 = Debug|Any CPU
		{A30A5B83-0116-42BA-8FFC-6EB9C67B4525}.Release|Any CPU.ActiveCfg = Release|Any CPU
		{A30A5B83-0116-42BA-8FFC-6EB9C67B4525}.Release|Any CPU.Build.0 = Release|Any CPU
	EndGlobalSection
	GlobalSection(SolutionProperties) = preSolution
		HideSolutionNode = FALSE
	EndGlobalSection
	GlobalSection(ExtensibilityGlobals) = postSolution
		SolutionGuid = {D261F475-3BF9-488F-A12B-E33F86A1E3EB}
	EndGlobalSection
EndGlobal
