
Microsoft Visual Studio Solution File, Format Version 12.00
# Visual Studio Version 16
VisualStudioVersion = 16.0.30523.141
MinimumVisualStudioVersion = 10.0.40219.1
Project("{FAE04EC0-301F-11D3-BF4B-00C04F79EFBC}") = "説明_009", "説明_009\説明_009.csproj", "{C08456C1-485D-4483-929C-7B56ACFDBEC2}"
EndProject
Global
	GlobalSection(SolutionConfigurationPlatforms) = preSolution
		Debug|Any CPU = Debug|Any CPU
		Release|Any CPU = Release|Any CPU
	EndGlobalSection
	GlobalSection(ProjectConfigurationPlatforms) = postSolution
		{C08456C1-485D-4483-929C-7B56ACFDBEC2}.Debug|Any CPU.ActiveCfg = Debug|Any CPU
		{C08456C1-485D-4483-929C-7B56ACFDBEC2}.Debug|Any CPU.Build.0 = Debug|Any CPU
		{C08456C1-485D-4483-929C-7B56ACFDBEC2}.Release|Any CPU.ActiveCfg = Release|Any CPU
		{C08456C1-485D-4483-929C-7B56ACFDBEC2}.Release|Any CPU.Build.0 = Release|Any CPU
	EndGlobalSection
	GlobalSection(SolutionProperties) = preSolution
		HideSolutionNode = FALSE
	EndGlobalSection
	GlobalSection(ExtensibilityGlobals) = postSolution
		SolutionGuid = {90CA9595-CF6D-415D-9690-9FE215AB61D5}
	EndGlobalSection
EndGlobal
