
Microsoft Visual Studio Solution File, Format Version 12.00
# Visual Studio Version 16
VisualStudioVersion = 16.0.31019.35
MinimumVisualStudioVersion = 10.0.40219.1
Project("{FAE04EC0-301F-11D3-BF4B-00C04F79EFBC}") = "ClassRefTest", "ClassRefTest\ClassRefTest.csproj", "{C65F0582-A8E4-481F-81BD-14D1A5A6C23D}"
EndProject
Global
	GlobalSection(SolutionConfigurationPlatforms) = preSolution
		Debug|Any CPU = Debug|Any CPU
		Release|Any CPU = Release|Any CPU
	EndGlobalSection
	GlobalSection(ProjectConfigurationPlatforms) = postSolution
		{C65F0582-A8E4-481F-81BD-14D1A5A6C23D}.Debug|Any CPU.ActiveCfg = Debug|Any CPU
		{C65F0582-A8E4-481F-81BD-14D1A5A6C23D}.Debug|Any CPU.Build.0 = Debug|Any CPU
		{C65F0582-A8E4-481F-81BD-14D1A5A6C23D}.Release|Any CPU.ActiveCfg = Release|Any CPU
		{C65F0582-A8E4-481F-81BD-14D1A5A6C23D}.Release|Any CPU.Build.0 = Release|Any CPU
	EndGlobalSection
	GlobalSection(SolutionProperties) = preSolution
		HideSolutionNode = FALSE
	EndGlobalSection
	GlobalSection(ExtensibilityGlobals) = postSolution
		SolutionGuid = {FDBE6546-AD0E-4914-B9A5-C1CC44C8DA66}
	EndGlobalSection
EndGlobal
