
Microsoft Visual Studio Solution File, Format Version 12.00
# Visual Studio Version 16
VisualStudioVersion = 16.0.30523.141
MinimumVisualStudioVersion = 10.0.40219.1
Project("{FAE04EC0-301F-11D3-BF4B-00C04F79EFBC}") = "説明_006", "説明_006\説明_006.csproj", "{E73AB651-1FBC-4B4C-9F3F-0E521B83EF05}"
EndProject
Global
	GlobalSection(SolutionConfigurationPlatforms) = preSolution
		Debug|Any CPU = Debug|Any CPU
		Release|Any CPU = Release|Any CPU
	EndGlobalSection
	GlobalSection(ProjectConfigurationPlatforms) = postSolution
		{E73AB651-1FBC-4B4C-9F3F-0E521B83EF05}.Debug|Any CPU.ActiveCfg = Debug|Any CPU
		{E73AB651-1FBC-4B4C-9F3F-0E521B83EF05}.Debug|Any CPU.Build.0 = Debug|Any CPU
		{E73AB651-1FBC-4B4C-9F3F-0E521B83EF05}.Release|Any CPU.ActiveCfg = Release|Any CPU
		{E73AB651-1FBC-4B4C-9F3F-0E521B83EF05}.Release|Any CPU.Build.0 = Release|Any CPU
	EndGlobalSection
	GlobalSection(SolutionProperties) = preSolution
		HideSolutionNode = FALSE
	EndGlobalSection
	GlobalSection(ExtensibilityGlobals) = postSolution
		SolutionGuid = {D8A7FA16-0350-40CA-8B5D-544297855E9A}
	EndGlobalSection
EndGlobal
