
Microsoft Visual Studio Solution File, Format Version 12.00
# Visual Studio Version 16
VisualStudioVersion = 16.0.30523.141
MinimumVisualStudioVersion = 10.0.40219.1
Project("{FAE04EC0-301F-11D3-BF4B-00C04F79EFBC}") = "説明_017", "説明_017\説明_017.csproj", "{988C3842-3A7A-4610-ABA3-0BF1171A81D8}"
EndProject
Global
	GlobalSection(SolutionConfigurationPlatforms) = preSolution
		Debug|Any CPU = Debug|Any CPU
		Release|Any CPU = Release|Any CPU
	EndGlobalSection
	GlobalSection(ProjectConfigurationPlatforms) = postSolution
		{988C3842-3A7A-4610-ABA3-0BF1171A81D8}.Debug|Any CPU.ActiveCfg = Debug|Any CPU
		{988C3842-3A7A-4610-ABA3-0BF1171A81D8}.Debug|Any CPU.Build.0 = Debug|Any CPU
		{988C3842-3A7A-4610-ABA3-0BF1171A81D8}.Release|Any CPU.ActiveCfg = Release|Any CPU
		{988C3842-3A7A-4610-ABA3-0BF1171A81D8}.Release|Any CPU.Build.0 = Release|Any CPU
	EndGlobalSection
	GlobalSection(SolutionProperties) = preSolution
		HideSolutionNode = FALSE
	EndGlobalSection
	GlobalSection(ExtensibilityGlobals) = postSolution
		SolutionGuid = {A0E1A9E0-6825-46AD-BFA1-CE20519D4739}
	EndGlobalSection
EndGlobal
