
Microsoft Visual Studio Solution File, Format Version 12.00
# Visual Studio Version 16
VisualStudioVersion = 16.0.30523.141
MinimumVisualStudioVersion = 10.0.40219.1
Project("{FAE04EC0-301F-11D3-BF4B-00C04F79EFBC}") = "説明_020", "説明_020\説明_020.csproj", "{E3B0043B-2DA9-471E-9880-78E5413C2488}"
EndProject
Global
	GlobalSection(SolutionConfigurationPlatforms) = preSolution
		Debug|Any CPU = Debug|Any CPU
		Release|Any CPU = Release|Any CPU
	EndGlobalSection
	GlobalSection(ProjectConfigurationPlatforms) = postSolution
		{E3B0043B-2DA9-471E-9880-78E5413C2488}.Debug|Any CPU.ActiveCfg = Debug|Any CPU
		{E3B0043B-2DA9-471E-9880-78E5413C2488}.Debug|Any CPU.Build.0 = Debug|Any CPU
		{E3B0043B-2DA9-471E-9880-78E5413C2488}.Release|Any CPU.ActiveCfg = Release|Any CPU
		{E3B0043B-2DA9-471E-9880-78E5413C2488}.Release|Any CPU.Build.0 = Release|Any CPU
	EndGlobalSection
	GlobalSection(SolutionProperties) = preSolution
		HideSolutionNode = FALSE
	EndGlobalSection
	GlobalSection(ExtensibilityGlobals) = postSolution
		SolutionGuid = {B0AECC84-1C63-449E-91B5-43091AC7E2B6}
	EndGlobalSection
EndGlobal
